
Microsoft Visual Studio Solution File, Format Version 12.00
# Visual Studio Version 16
VisualStudioVersion = 16.0.31019.35
MinimumVisualStudioVersion = 15.0.26124.0
Project("{2150E333-8FDC-42A3-9474-1A3956D46DE8}") = "src", "src", "{37E302FA-AAB3-46F5-9B36-F6C4DED7D85F}"
EndProject
Project("{2150E333-8FDC-42A3-9474-1A3956D46DE8}") = "Services", "Services", "{16B56E37-0C10-41AC-9F53-6C4B11A48495}"
EndProject
Project("{9A19103F-16F7-4668-BE54-9A1E7A4F7556}") = "Auth.Api", "src\Services\Auth\Auth.Api.csproj", "{E6E5BB8C-45F6-4919-A6D7-BE00180CEEAE}"
EndProject
Project("{9A19103F-16F7-4668-BE54-9A1E7A4F7556}") = "Shop.Api", "src\Services\Shop\Shop.Api.csproj", "{0E53632B-49BA-466B-A09F-9CE3CBF30780}"
EndProject
Project("{2150E333-8FDC-42A3-9474-1A3956D46DE8}") = "Auth", "Auth", "{CEA0B09A-42A4-46A2-8BA7-D7950465104A}"
EndProject
Project("{2150E333-8FDC-42A3-9474-1A3956D46DE8}") = "Shop", "Shop", "{7143BEDF-1E96-435F-8ADA-1CBC8173B10D}"
EndProject
Project("{2150E333-8FDC-42A3-9474-1A3956D46DE8}") = "ApiGateways", "ApiGateways", "{F6DB8EBF-18D4-498E-A778-885577A5A201}"
EndProject
Project("{9A19103F-16F7-4668-BE54-9A1E7A4F7556}") = "Ocelot.ApiGateway", "src\ApiGateways\Ocelot\Ocelot.ApiGateway.csproj", "{B83847B2-C423-4A53-9E7F-E8F7E972671C}"
EndProject
Project("{2150E333-8FDC-42A3-9474-1A3956D46DE8}") = "Ocelot", "Ocelot", "{550DF991-888E-477D-8973-EBE099A21604}"
EndProject
Global
	GlobalSection(SolutionConfigurationPlatforms) = preSolution
		Debug|Any CPU = Debug|Any CPU
		Debug|x64 = Debug|x64
		Debug|x86 = Debug|x86
		Release|Any CPU = Release|Any CPU
		Release|x64 = Release|x64
		Release|x86 = Release|x86
	EndGlobalSection
	GlobalSection(ProjectConfigurationPlatforms) = postSolution
		{E6E5BB8C-45F6-4919-A6D7-BE00180CEEAE}.Debug|Any CPU.ActiveCfg = Debug|Any CPU
		{E6E5BB8C-45F6-4919-A6D7-BE00180CEEAE}.Debug|Any CPU.Build.0 = Debug|Any CPU
		{E6E5BB8C-45F6-4919-A6D7-BE00180CEEAE}.Debug|x64.ActiveCfg = Debug|Any CPU
		{E6E5BB8C-45F6-4919-A6D7-BE00180CEEAE}.Debug|x64.Build.0 = Debug|Any CPU
		{E6E5BB8C-45F6-4919-A6D7-BE00180CEEAE}.Debug|x86.ActiveCfg = Debug|Any CPU
		{E6E5BB8C-45F6-4919-A6D7-BE00180CEEAE}.Debug|x86.Build.0 = Debug|Any CPU
		{E6E5BB8C-45F6-4919-A6D7-BE00180CEEAE}.Release|Any CPU.ActiveCfg = Release|Any CPU
		{E6E5BB8C-45F6-4919-A6D7-BE00180CEEAE}.Release|Any CPU.Build.0 = Release|Any CPU
		{E6E5BB8C-45F6-4919-A6D7-BE00180CEEAE}.Release|x64.ActiveCfg = Release|Any CPU
		{E6E5BB8C-45F6-4919-A6D7-BE00180CEEAE}.Release|x64.Build.0 = Release|Any CPU
		{E6E5BB8C-45F6-4919-A6D7-BE00180CEEAE}.Release|x86.ActiveCfg = Release|Any CPU
		{E6E5BB8C-45F6-4919-A6D7-BE00180CEEAE}.Release|x86.Build.0 = Release|Any CPU
		{0E53632B-49BA-466B-A09F-9CE3CBF30780}.Debug|Any CPU.ActiveCfg = Debug|Any CPU
		{0E53632B-49BA-466B-A09F-9CE3CBF30780}.Debug|Any CPU.Build.0 = Debug|Any CPU
		{0E53632B-49BA-466B-A09F-9CE3CBF30780}.Debug|x64.ActiveCfg = Debug|Any CPU
		{0E53632B-49BA-466B-A09F-9CE3CBF30780}.Debug|x64.Build.0 = Debug|Any CPU
		{0E53632B-49BA-466B-A09F-9CE3CBF30780}.Debug|x86.ActiveCfg = Debug|Any CPU
		{0E53632B-49BA-466B-A09F-9CE3CBF30780}.Debug|x86.Build.0 = Debug|Any CPU
		{0E53632B-49BA-466B-A09F-9CE3CBF30780}.Release|Any CPU.ActiveCfg = Release|Any CPU
		{0E53632B-49BA-466B-A09F-9CE3CBF30780}.Release|Any CPU.Build.0 = Release|Any CPU
		{0E53632B-49BA-466B-A09F-9CE3CBF30780}.Release|x64.ActiveCfg = Release|Any CPU
		{0E53632B-49BA-466B-A09F-9CE3CBF30780}.Release|x64.Build.0 = Release|Any CPU
		{0E53632B-49BA-466B-A09F-9CE3CBF30780}.Release|x86.ActiveCfg = Release|Any CPU
		{0E53632B-49BA-466B-A09F-9CE3CBF30780}.Release|x86.Build.0 = Release|Any CPU
		{B83847B2-C423-4A53-9E7F-E8F7E972671C}.Debug|Any CPU.ActiveCfg = Debug|Any CPU
		{B83847B2-C423-4A53-9E7F-E8F7E972671C}.Debug|Any CPU.Build.0 = Debug|Any CPU
		{B83847B2-C423-4A53-9E7F-E8F7E972671C}.Debug|x64.ActiveCfg = Debug|Any CPU
		{B83847B2-C423-4A53-9E7F-E8F7E972671C}.Debug|x64.Build.0 = Debug|Any CPU
		{B83847B2-C423-4A53-9E7F-E8F7E972671C}.Debug|x86.ActiveCfg = Debug|Any CPU
		{B83847B2-C423-4A53-9E7F-E8F7E972671C}.Debug|x86.Build.0 = Debug|Any CPU
		{B83847B2-C423-4A53-9E7F-E8F7E972671C}.Release|Any CPU.ActiveCfg = Release|Any CPU
		{B83847B2-C423-4A53-9E7F-E8F7E972671C}.Release|Any CPU.Build.0 = Release|Any CPU
		{B83847B2-C423-4A53-9E7F-E8F7E972671C}.Release|x64.ActiveCfg = Release|Any CPU
		{B83847B2-C423-4A53-9E7F-E8F7E972671C}.Release|x64.Build.0 = Release|Any CPU
		{B83847B2-C423-4A53-9E7F-E8F7E972671C}.Release|x86.ActiveCfg = Release|Any CPU
		{B83847B2-C423-4A53-9E7F-E8F7E972671C}.Release|x86.Build.0 = Release|Any CPU
	EndGlobalSection
	GlobalSection(SolutionProperties) = preSolution
		HideSolutionNode = FALSE
	EndGlobalSection
	GlobalSection(NestedProjects) = preSolution
		{16B56E37-0C10-41AC-9F53-6C4B11A48495} = {37E302FA-AAB3-46F5-9B36-F6C4DED7D85F}
		{E6E5BB8C-45F6-4919-A6D7-BE00180CEEAE} = {CEA0B09A-42A4-46A2-8BA7-D7950465104A}
		{0E53632B-49BA-466B-A09F-9CE3CBF30780} = {7143BEDF-1E96-435F-8ADA-1CBC8173B10D}
		{CEA0B09A-42A4-46A2-8BA7-D7950465104A} = {16B56E37-0C10-41AC-9F53-6C4B11A48495}
		{7143BEDF-1E96-435F-8ADA-1CBC8173B10D} = {16B56E37-0C10-41AC-9F53-6C4B11A48495}
		{F6DB8EBF-18D4-498E-A778-885577A5A201} = {37E302FA-AAB3-46F5-9B36-F6C4DED7D85F}
		{B83847B2-C423-4A53-9E7F-E8F7E972671C} = {550DF991-888E-477D-8973-EBE099A21604}
		{550DF991-888E-477D-8973-EBE099A21604} = {F6DB8EBF-18D4-498E-A778-885577A5A201}
	EndGlobalSection
	GlobalSection(ExtensibilityGlobals) = postSolution
		SolutionGuid = {005EF0C2-5F0D-439C-A1E8-D1552F71B4D1}
	EndGlobalSection
EndGlobal
